{
  "nodes": {
    "nixpkgs": {
      "locked": {
        "lastModified": 1790920529,
        "narHash": "sha256-nQyFkMR78WP6PiXKkDW2SjqzLf/spQqjRuxRGSbcV8k=",
        "owner": "NixOS",
        "repo": "nixpkgs",
        "rev": "774debe7a0d1b496e35677ad955a1011c6ff74f3",
        "type": "github"
      },
      "original": {
        "owner": "NixOS",
        "ref": "nixos-26.05",
        "repo": "nixpkgs",
        "type": "github"
      }
    },
    "rigx": {
      "inputs": {
        "nixpkgs": [
          "nixpkgs"
        ]
      },
      "locked": {
        "lastModified": 1791616981,
        "narHash": "sha256-hPynIUMVKWbf9nymJa2PwwnBG41Vd33ZaTsBKave4Ps=",
        "owner": "unofficialtools",
        "repo": "rigx",
        "rev": "7fbc60dc2405385bfea7c0cce8006129005cfd1d",
        "type": "github"
      },
      "original": {
        "owner": "unofficialtools",
        "repo": "rigx",
        "type": "github"
      }
    },
    "root": {
      "inputs": {
        "nixpkgs": "nixpkgs",
        "rigx": "rigx"
      }
    }
  },
  "root": "root",
  "version": 7
}
